
Microsoft Visual Studio Solution File, Format Version 12.00
# Visual Studio Version 17
VisualStudioVersion = 17.14.36518.9 d17.14
MinimumVisualStudioVersion = 10.0.40219.1
Project("{FAE04EC0-301F-11D3-BF4B-00C04F79EFBC}") = "ExpenseTracker.Core", "ExpenseTracker.Core\ExpenseTracker.Core.csproj", "{C09225ED-C2CD-43AD-9146-2143327E5B69}"
EndProject
Project("{FAE04EC0-301F-11D3-BF4B-00C04F79EFBC}") = "ExpenseTracker.Infrastructure", "ExpenseTracker.Infrastructure\ExpenseTracker.Infrastructure.csproj", "{17B24FAC-18CE-4924-BEAA-0D3F7BB515CA}"
EndProject
Project("{FAE04EC0-301F-11D3-BF4B-00C04F79EFBC}") = "ExpenseTracker.API", "ExpenseTracker.API\ExpenseTracker.API.csproj", "{57F0C7E2-E398-490B-8B32-D108AE8195B7}"
EndProject
Global
	GlobalSection(SolutionConfigurationPlatforms) = preSolution
		Debug|Any CPU = Debug|Any CPU
		Release|Any CPU = Release|Any CPU
	EndGlobalSection
	GlobalSection(ProjectConfigurationPlatforms) = postSolution
		{C09225ED-C2CD-43AD-9146-2143327E5B69}.Debug|Any CPU.ActiveCfg = Debug|Any CPU
		{C09225ED-C2CD-43AD-9146-2143327E5B69}.Debug|Any CPU.Build.0 = Debug|Any CPU
		{C09225ED-C2CD-43AD-9146-2143327E5B69}.Release|Any CPU.ActiveCfg = Release|Any CPU
		{C09225ED-C2CD-43AD-9146-2143327E5B69}.Release|Any CPU.Build.0 = Release|Any CPU
		{17B24FAC-18CE-4924-BEAA-0D3F7BB515CA}.Debug|Any CPU.ActiveCfg = Debug|Any CPU
		{17B24FAC-18CE-4924-BEAA-0D3F7BB515CA}.Debug|Any CPU.Build.0 = Debug|Any CPU
		{17B24FAC-18CE-4924-BEAA-0D3F7BB515CA}.Release|Any CPU.ActiveCfg = Release|Any CPU
		{17B24FAC-18CE-4924-BEAA-0D3F7BB515CA}.Release|Any CPU.Build.0 = Release|Any CPU
		{57F0C7E2-E398-490B-8B32-D108AE8195B7}.Debug|Any CPU.ActiveCfg = Debug|Any CPU
		{57F0C7E2-E398-490B-8B32-D108AE8195B7}.Debug|Any CPU.Build.0 = Debug|Any CPU
		{57F0C7E2-E398-490B-8B32-D108AE8195B7}.Release|Any CPU.ActiveCfg = Release|Any CPU
		{57F0C7E2-E398-490B-8B32-D108AE8195B7}.Release|Any CPU.Build.0 = Release|Any CPU
	EndGlobalSection
	GlobalSection(SolutionProperties) = preSolution
		HideSolutionNode = FALSE
	EndGlobalSection
	GlobalSection(ExtensibilityGlobals) = postSolution
		SolutionGuid = {49C099FD-DF28-4EF1-BEF5-98E98F39256B}
	EndGlobalSection
EndGlobal
